
Microsoft Visual Studio Solution File, Format Version 12.00
# Visual Studio 15
Project("{FAE04EC0-301F-11D3-BF4B-00C04F79EFBC}") = "Anagrams", "Anagrams\Anagrams.csproj", "{6CA25574-E692-494A-BA03-64BF50209BA7}"
EndProject
Project("{FAE04EC0-301F-11D3-BF4B-00C04F79EFBC}") = "Anagrams.Tests", "Anagrams.Tests\Anagrams.Tests.csproj", "{5C7CC068-50A9-4443-A78D-3ED1A7504563}"
EndProject
Global
	GlobalSection(SolutionConfigurationPlatforms) = preSolution
		Debug|Any CPU = Debug|Any CPU
		Release|Any CPU = Release|Any CPU
	EndGlobalSection
	GlobalSection(ProjectConfigurationPlatforms) = postSolution
		{6CA25574-E692-494A-BA03-64BF50209BA7}.Debug|Any CPU.ActiveCfg = Debug|Any CPU
		{6CA25574-E692-494A-BA03-64BF50209BA7}.Debug|Any CPU.Build.0 = Debug|Any CPU
		{6CA25574-E692-494A-BA03-64BF50209BA7}.Release|Any CPU.ActiveCfg = Release|Any CPU
		{6CA25574-E692-494A-BA03-64BF50209BA7}.Release|Any CPU.Build.0 = Release|Any CPU
		{5C7CC068-50A9-4443-A78D-3ED1A7504563}.Debug|Any CPU.ActiveCfg = Debug|Any CPU
		{5C7CC068-50A9-4443-A78D-3ED1A7504563}.Debug|Any CPU.Build.0 = Debug|Any CPU
		{5C7CC068-50A9-4443-A78D-3ED1A7504563}.Release|Any CPU.ActiveCfg = Release|Any CPU
		{5C7CC068-50A9-4443-A78D-3ED1A7504563}.Release|Any CPU.Build.0 = Release|Any CPU
	EndGlobalSection
EndGlobal
